
Microsoft Visual Studio Solution File, Format Version 12.00
# Visual Studio Version 17
VisualStudioVersion = 17.2.32630.192
MinimumVisualStudioVersion = 10.0.40219.1
Project("{9A19103F-16F7-4668-BE54-9A1E7A4F7556}") = "GildedRose.Application.UnitTests", "GildedRose.Application.UnitTests.csproj", "{FD749256-13D5-4772-B603-DAB6E8302B44}"
EndProject
Global
	GlobalSection(SolutionConfigurationPlatforms) = preSolution
		Debug|Any CPU = Debug|Any CPU
		Release|Any CPU = Release|Any CPU
	EndGlobalSection
	GlobalSection(ProjectConfigurationPlatforms) = postSolution
		{FD749256-13D5-4772-B603-DAB6E8302B44}.Debug|Any CPU.ActiveCfg = Debug|Any CPU
		{FD749256-13D5-4772-B603-DAB6E8302B44}.Debug|Any CPU.Build.0 = Debug|Any CPU
		{FD749256-13D5-4772-B603-DAB6E8302B44}.Release|Any CPU.ActiveCfg = Release|Any CPU
		{FD749256-13D5-4772-B603-DAB6E8302B44}.Release|Any CPU.Build.0 = Release|Any CPU
	EndGlobalSection
	GlobalSection(SolutionProperties) = preSolution
		HideSolutionNode = FALSE
	EndGlobalSection
	GlobalSection(ExtensibilityGlobals) = postSolution
		SolutionGuid = {1996B81B-85CC-4AC5-8ABD-8FB15C8868A7}
	EndGlobalSection
EndGlobal
